
Microsoft Visual Studio Solution File, Format Version 12.00
# Visual Studio Version 16
VisualStudioVersion = 16.0.32106.194
MinimumVisualStudioVersion = 10.0.40219.1
Project("{FAE04EC0-301F-11D3-BF4B-00C04F79EFBC}") = "WindowsFormsApp1", "WindowsFormsApp1\WindowsFormsApp1.csproj", "{EABBB400-88E9-4428-A2BC-396FCCD25EAA}"
EndProject
Global
	GlobalSection(SolutionConfigurationPlatforms) = preSolution
		Debug|Any CPU = Debug|Any CPU
		Release|Any CPU = Release|Any CPU
	EndGlobalSection
	GlobalSection(ProjectConfigurationPlatforms) = postSolution
		{EABBB400-88E9-4428-A2BC-396FCCD25EAA}.Debug|Any CPU.ActiveCfg = Debug|Any CPU
		{EABBB400-88E9-4428-A2BC-396FCCD25EAA}.Debug|Any CPU.Build.0 = Debug|Any CPU
		{EABBB400-88E9-4428-A2BC-396FCCD25EAA}.Release|Any CPU.ActiveCfg = Release|Any CPU
		{EABBB400-88E9-4428-A2BC-396FCCD25EAA}.Release|Any CPU.Build.0 = Release|Any CPU
	EndGlobalSection
	GlobalSection(SolutionProperties) = preSolution
		HideSolutionNode = FALSE
	EndGlobalSection
	GlobalSection(ExtensibilityGlobals) = postSolution
		SolutionGuid = {207D7D0E-28ED-477F-A972-748B28443F27}
	EndGlobalSection
EndGlobal
